
Microsoft Visual Studio Solution File, Format Version 12.00
# Visual Studio Version 17
VisualStudioVersion = 17.5.33530.505
MinimumVisualStudioVersion = 10.0.40219.1
Project("{9A19103F-16F7-4668-BE54-9A1E7A4F7556}") = "Hotel.Backend.WebAPI", "Hotel.Backend.WebAPI\Hotel.Backend.WebAPI.csproj", "{86780585-0C34-46AA-8AE6-CDD24B2075F1}"
EndProject
Project("{FAE04EC0-301F-11D3-BF4B-00C04F79EFBC}") = "HotelDatabaseTest", "HotelDatabaseTest\HotelDatabaseTest.csproj", "{DFD5C598-3FE5-49E3-B74E-BA640A355DCB}"
EndProject
Global
	GlobalSection(SolutionConfigurationPlatforms) = preSolution
		Debug|Any CPU = Debug|Any CPU
		Release|Any CPU = Release|Any CPU
	EndGlobalSection
	GlobalSection(ProjectConfigurationPlatforms) = postSolution
		{86780585-0C34-46AA-8AE6-CDD24B2075F1}.Debug|Any CPU.ActiveCfg = Debug|Any CPU
		{86780585-0C34-46AA-8AE6-CDD24B2075F1}.Debug|Any CPU.Build.0 = Debug|Any CPU
		{86780585-0C34-46AA-8AE6-CDD24B2075F1}.Release|Any CPU.ActiveCfg = Release|Any CPU
		{86780585-0C34-46AA-8AE6-CDD24B2075F1}.Release|Any CPU.Build.0 = Release|Any CPU
		{DFD5C598-3FE5-49E3-B74E-BA640A355DCB}.Debug|Any CPU.ActiveCfg = Debug|Any CPU
		{DFD5C598-3FE5-49E3-B74E-BA640A355DCB}.Debug|Any CPU.Build.0 = Debug|Any CPU
		{DFD5C598-3FE5-49E3-B74E-BA640A355DCB}.Release|Any CPU.ActiveCfg = Release|Any CPU
		{DFD5C598-3FE5-49E3-B74E-BA640A355DCB}.Release|Any CPU.Build.0 = Release|Any CPU
	EndGlobalSection
	GlobalSection(SolutionProperties) = preSolution
		HideSolutionNode = FALSE
	EndGlobalSection
	GlobalSection(ExtensibilityGlobals) = postSolution
		SolutionGuid = {262A8995-7665-4349-8C4F-088FA8993438}
	EndGlobalSection
EndGlobal
